
Microsoft Visual Studio Solution File, Format Version 12.00
# Visual Studio Version 17
VisualStudioVersion = 17.5.33627.172
MinimumVisualStudioVersion = 10.0.40219.1
Project("{FAE04EC0-301F-11D3-BF4B-00C04F79EFBC}") = "WeatherDataApp", "WeatherDataApp\WeatherDataApp.csproj", "{041D7A20-2BB1-4593-8F99-AD9317EBF18A}"
EndProject
Project("{FAE04EC0-301F-11D3-BF4B-00C04F79EFBC}") = "WeatherDataUnitTest", "WeatherDataUnitTest\WeatherDataUnitTest.csproj", "{7754B927-D39C-427B-855C-F46896DC3597}"
EndProject
Global
	GlobalSection(SolutionConfigurationPlatforms) = preSolution
		Debug|Any CPU = Debug|Any CPU
		Release|Any CPU = Release|Any CPU
	EndGlobalSection
	GlobalSection(ProjectConfigurationPlatforms) = postSolution
		{041D7A20-2BB1-4593-8F99-AD9317EBF18A}.Debug|Any CPU.ActiveCfg = Debug|Any CPU
		{041D7A20-2BB1-4593-8F99-AD9317EBF18A}.Debug|Any CPU.Build.0 = Debug|Any CPU
		{041D7A20-2BB1-4593-8F99-AD9317EBF18A}.Release|Any CPU.ActiveCfg = Release|Any CPU
		{041D7A20-2BB1-4593-8F99-AD9317EBF18A}.Release|Any CPU.Build.0 = Release|Any CPU
		{7754B927-D39C-427B-855C-F46896DC3597}.Debug|Any CPU.ActiveCfg = Debug|Any CPU
		{7754B927-D39C-427B-855C-F46896DC3597}.Debug|Any CPU.Build.0 = Debug|Any CPU
		{7754B927-D39C-427B-855C-F46896DC3597}.Release|Any CPU.ActiveCfg = Release|Any CPU
		{7754B927-D39C-427B-855C-F46896DC3597}.Release|Any CPU.Build.0 = Release|Any CPU
	EndGlobalSection
	GlobalSection(SolutionProperties) = preSolution
		HideSolutionNode = FALSE
	EndGlobalSection
	GlobalSection(ExtensibilityGlobals) = postSolution
		SolutionGuid = {F5BE5AD9-294E-4D79-B483-039B64C8112C}
	EndGlobalSection
EndGlobal
